<?xml version="1.0" encoding="utf-8"?>
<Project ToolsVersion="4.0" xmlns="http://schemas.microsoft.com/developer/msbuild/2003">
  <ItemGroup>
    <Filter Include="Source Files">
      <UniqueIdentifier>{4FC737F1-C7A5-4376-A066-2A32D752A2FF}</UniqueIdentifier>
      <Extensions>cpp;c;cc;cxx;def;odl;idl;hpj;bat;asm;asmx</Extensions>
    </Filter>
    <Filter Include="Header Files">
      <UniqueIdentifier>{93995380-89BD-4b04-88EB-625FBE52EBFB}</UniqueIdentifier>
      <Extensions>h;hpp;hxx;hm;inl;inc;xsd</Extensions>
    </Filter>
    <Filter Include="Resource Files">
      <UniqueIdentifier>{67DA6AB6-F800-4c08-8B7A-83BB121AAD01}</UniqueIdentifier>
      <Extensions>rc;ico;cur;bmp;dlg;rc2;rct;bin;rgs;gif;jpg;jpeg;jpe;resx;tiff;tif;png;wav;mfcribbon-ms</Extensions>
    </Filter>
  </ItemGroup>
  <ItemGroup>
    <ClCompile Include="package_analysis\ForegroundMaskAnalysis.cpp">
      <Filter>Header Files</Filter>
    </ClCompile>
    <ClCompile Include="package_bgs\AdaptiveBackgroundLearning.cpp">
      <Filter>Header Files</Filter>
    </ClCompile>
    <ClCompile Include="package_bgs\AdaptiveSelectiveBackgroundLearning.cpp">
      <Filter>Header Files</Filter>
    </ClCompile>
    <ClCompile Include="package_bgs\FrameDifferenceBGS.cpp">
      <Filter>Header Files</Filter>
    </ClCompile>
    <ClCompile Include="package_bgs\GMG.cpp">
      <Filter>Header Files</Filter>
    </ClCompile>
    <ClCompile Include="package_bgs\MixtureOfGaussianV1BGS.cpp">
      <Filter>Header Files</Filter>
    </ClCompile>
    <ClCompile Include="package_bgs\MixtureOfGaussianV2BGS.cpp">
      <Filter>Header Files</Filter>
    </ClCompile>
    <ClCompile Include="package_bgs\StaticFrameDifferenceBGS.cpp">
      <Filter>Header Files</Filter>
    </ClCompile>
    <ClCompile Include="package_bgs\WeightedMovingMeanBGS.cpp">
      <Filter>Header Files</Filter>
    </ClCompile>
    <ClCompile Include="package_bgs\WeightedMovingVarianceBGS.cpp">
      <Filter>Header Files</Filter>
    </ClCompile>
    <ClCompile Include="package_bgs\FrameDifferenceBGSExt.cpp">
      <Filter>Header Files</Filter>
    </ClCompile>
    <ClCompile Include="ErosionAndDilation.cpp">
      <Filter>Source Files</Filter>
    </ClCompile>
  </ItemGroup>
  <ItemGroup>
    <ClInclude Include="package_analysis\ForegroundMaskAnalysis.h">
      <Filter>Header Files</Filter>
    </ClInclude>
    <ClInclude Include="package_bgs\AdaptiveBackgroundLearning.h">
      <Filter>Header Files</Filter>
    </ClInclude>
    <ClInclude Include="package_bgs\AdaptiveSelectiveBackgroundLearning.h">
      <Filter>Header Files</Filter>
    </ClInclude>
    <ClInclude Include="package_bgs\FrameDifferenceBGS.h">
      <Filter>Header Files</Filter>
    </ClInclude>
    <ClInclude Include="package_bgs\GMG.h">
      <Filter>Header Files</Filter>
    </ClInclude>
    <ClInclude Include="package_bgs\IBGS.h">
      <Filter>Header Files</Filter>
    </ClInclude>
    <ClInclude Include="package_bgs\MixtureOfGaussianV1BGS.h">
      <Filter>Header Files</Filter>
    </ClInclude>
    <ClInclude Include="package_bgs\MixtureOfGaussianV2BGS.h">
      <Filter>Header Files</Filter>
    </ClInclude>
    <ClInclude Include="package_bgs\StaticFrameDifferenceBGS.h">
      <Filter>Header Files</Filter>
    </ClInclude>
    <ClInclude Include="package_bgs\WeightedMovingMeanBGS.h">
      <Filter>Header Files</Filter>
    </ClInclude>
    <ClInclude Include="package_bgs\WeightedMovingVarianceBGS.h">
      <Filter>Header Files</Filter>
    </ClInclude>
    <ClInclude Include="package_bgs\FrameDifferenceBGSExt.h">
      <Filter>Header Files</Filter>
    </ClInclude>
  </ItemGroup>
</Project>